
Microsoft Visual Studio Solution File, Format Version 12.00
# Visual Studio 15
VisualStudioVersion = 15.0.27703.2026
MinimumVisualStudioVersion = 10.0.40219.1
Project("{FAE04EC0-301F-11D3-BF4B-00C04F79EFBC}") = "ViewComponents", "ViewComponents\ViewComponents.csproj", "{73FF18D5-7BA5-4DB7-959D-3655005AC39F}"
EndProject
Project("{E53339B2-1760-4266-BCC7-CA923CBCF16C}") = "docker-compose", "docker-compose.dcproj", "{55FE293B-2926-4A55-9A07-62D02E0966EE}"
EndProject
Global
	GlobalSection(SolutionConfigurationPlatforms) = preSolution
		Debug|Any CPU = Debug|Any CPU
		Release|Any CPU = Release|Any CPU
	EndGlobalSection
	GlobalSection(ProjectConfigurationPlatforms) = postSolution
		{73FF18D5-7BA5-4DB7-959D-3655005AC39F}.Debug|Any CPU.ActiveCfg = Debug|Any CPU
		{73FF18D5-7BA5-4DB7-959D-3655005AC39F}.Debug|Any CPU.Build.0 = Debug|Any CPU
		{73FF18D5-7BA5-4DB7-959D-3655005AC39F}.Release|Any CPU.ActiveCfg = Release|Any CPU
		{73FF18D5-7BA5-4DB7-959D-3655005AC39F}.Release|Any CPU.Build.0 = Release|Any CPU
		{55FE293B-2926-4A55-9A07-62D02E0966EE}.Debug|Any CPU.ActiveCfg = Debug|Any CPU
		{55FE293B-2926-4A55-9A07-62D02E0966EE}.Debug|Any CPU.Build.0 = Debug|Any CPU
		{55FE293B-2926-4A55-9A07-62D02E0966EE}.Release|Any CPU.ActiveCfg = Release|Any CPU
		{55FE293B-2926-4A55-9A07-62D02E0966EE}.Release|Any CPU.Build.0 = Release|Any CPU
	EndGlobalSection
	GlobalSection(SolutionProperties) = preSolution
		HideSolutionNode = FALSE
	EndGlobalSection
	GlobalSection(ExtensibilityGlobals) = postSolution
		SolutionGuid = {38FFC3A7-CE84-47BF-9FE6-185D07D23613}
	EndGlobalSection
EndGlobal
